
Microsoft Visual Studio Solution File, Format Version 12.00
# Visual Studio Version 17
VisualStudioVersion = 17.3.32825.248
MinimumVisualStudioVersion = 10.0.40219.1
Project("{FAE04EC0-301F-11D3-BF4B-00C04F79EFBC}") = "BlazorCrud.Server", "BlazorCrud.Server\BlazorCrud.Server.csproj", "{FFBA909F-1451-4B54-99DF-5D8BA82181E3}"
EndProject
Global
	GlobalSection(SolutionConfigurationPlatforms) = preSolution
		Debug|Any CPU = Debug|Any CPU
		Release|Any CPU = Release|Any CPU
	EndGlobalSection
	GlobalSection(ProjectConfigurationPlatforms) = postSolution
		{FFBA909F-1451-4B54-99DF-5D8BA82181E3}.Debug|Any CPU.ActiveCfg = Debug|Any CPU
		{FFBA909F-1451-4B54-99DF-5D8BA82181E3}.Debug|Any CPU.Build.0 = Debug|Any CPU
		{FFBA909F-1451-4B54-99DF-5D8BA82181E3}.Release|Any CPU.ActiveCfg = Release|Any CPU
		{FFBA909F-1451-4B54-99DF-5D8BA82181E3}.Release|Any CPU.Build.0 = Release|Any CPU
	EndGlobalSection
	GlobalSection(SolutionProperties) = preSolution
		HideSolutionNode = FALSE
	EndGlobalSection
	GlobalSection(ExtensibilityGlobals) = postSolution
		SolutionGuid = {CD48524C-E0CC-4918-8400-C69D94F9376F}
	EndGlobalSection
EndGlobal
